
Microsoft Visual Studio Solution File, Format Version 12.00
# Visual Studio Version 16
VisualStudioVersion = 16.0.29806.167
MinimumVisualStudioVersion = 10.0.40219.1
Project("{9A19103F-16F7-4668-BE54-9A1E7A4F7556}") = "ELearningPlatform", "ELearningPlatform.csproj", "{EB05AF36-1981-4169-A315-B6ECEE121F7A}"
EndProject
Project("{FAE04EC0-301F-11D3-BF4B-00C04F79EFBC}") = "EmailService", "..\EmailService\EmailService.csproj", "{2D9BBDD1-1685-4C95-89DD-99B2CD44600E}"
EndProject
Global
	GlobalSection(SolutionConfigurationPlatforms) = preSolution
		Debug|Any CPU = Debug|Any CPU
		Release|Any CPU = Release|Any CPU
	EndGlobalSection
	GlobalSection(ProjectConfigurationPlatforms) = postSolution
		{EB05AF36-1981-4169-A315-B6ECEE121F7A}.Debug|Any CPU.ActiveCfg = Debug|Any CPU
		{EB05AF36-1981-4169-A315-B6ECEE121F7A}.Debug|Any CPU.Build.0 = Debug|Any CPU
		{EB05AF36-1981-4169-A315-B6ECEE121F7A}.Release|Any CPU.ActiveCfg = Release|Any CPU
		{EB05AF36-1981-4169-A315-B6ECEE121F7A}.Release|Any CPU.Build.0 = Release|Any CPU
		{2D9BBDD1-1685-4C95-89DD-99B2CD44600E}.Debug|Any CPU.ActiveCfg = Debug|Any CPU
		{2D9BBDD1-1685-4C95-89DD-99B2CD44600E}.Debug|Any CPU.Build.0 = Debug|Any CPU
		{2D9BBDD1-1685-4C95-89DD-99B2CD44600E}.Release|Any CPU.ActiveCfg = Release|Any CPU
		{2D9BBDD1-1685-4C95-89DD-99B2CD44600E}.Release|Any CPU.Build.0 = Release|Any CPU
	EndGlobalSection
	GlobalSection(SolutionProperties) = preSolution
		HideSolutionNode = FALSE
	EndGlobalSection
	GlobalSection(ExtensibilityGlobals) = postSolution
		SolutionGuid = {808D7ED6-1F3A-4E52-947D-142245B9F953}
	EndGlobalSection
EndGlobal
